// !$*UTF8*$!
{
	archiveVersion = 1;
	classes = {
	};
	objectVersion = 46;
	objects = {

/* Begin PBXBuildFile section */
		D06DB9741933B4BB00DCF445 /* Foundation.framework in Frameworks */ = {isa = PBXBuildFile; fileRef = D06DB9731933B4BB00DCF445 /* Foundation.framework */; };
		D06DB9761933B4BB00DCF445 /* CoreGraphics.framework in Frameworks */ = {isa = PBXBuildFile; fileRef = D06DB9751933B4BB00DCF445 /* CoreGraphics.framework */; };
		D06DB9781933B4BB00DCF445 /* UIKit.framework in Frameworks */ = {isa = PBXBuildFile; fileRef = D06DB9771933B4BB00DCF445 /* UIKit.framework */; };
		D06DB97E1933B4BB00DCF445 /* InfoPlist.strings in Resources */ = {isa = PBXBuildFile; fileRef = D06DB97C1933B4BB00DCF445 /* InfoPlist.strings */; };
		D06DB9801933B4BB00DCF445 /* main.m in Sources */ = {isa = PBXBuildFile; fileRef = D06DB97F1933B4BB00DCF445 /* main.m */; };
		D06DB9841933B4BB00DCF445 /* ACAAppDelegate.m in Sources */ = {isa = PBXBuildFile; fileRef = D06DB9831933B4BB00DCF445 /* ACAAppDelegate.m */; };
		D06DB9861933B4BB00DCF445 /* Images.xcassets in Resources */ = {isa = PBXBuildFile; fileRef = D06DB9851933B4BB00DCF445 /* Images.xcassets */; };
		D06DB98D1933B4BB00DCF445 /* XCTest.framework in Frameworks */ = {isa = PBXBuildFile; fileRef = D06DB98C1933B4BB00DCF445 /* XCTest.framework */; };
		D06DB98E1933B4BB00DCF445 /* Foundation.framework in Frameworks */ = {isa = PBXBuildFile; fileRef = D06DB9731933B4BB00DCF445 /* Foundation.framework */; };
		D06DB98F1933B4BB00DCF445 /* UIKit.framework in Frameworks */ = {isa = PBXBuildFile; fileRef = D06DB9771933B4BB00DCF445 /* UIKit.framework */; };
		D06DB9971933B4BB00DCF445 /* InfoPlist.strings in Resources */ = {isa = PBXBuildFile; fileRef = D06DB9951933B4BB00DCF445 /* InfoPlist.strings */; };
		D06DB9991933B4BB00DCF445 /* alarmClockTests.m in Sources */ = {isa = PBXBuildFile; fileRef = D06DB9981933B4BB00DCF445 /* alarmClockTests.m */; };
		D06DB9A61933B63A00DCF445 /* ACAViewController.m in Sources */ = {isa = PBXBuildFile; fileRef = D06DB9A51933B63A00DCF445 /* ACAViewController.m */; };
		D06DB9A91934B70A00DCF445 /* ACAalarmLabel.m in Sources */ = {isa = PBXBuildFile; fileRef = D06DB9A81934B70A00DCF445 /* ACAalarmLabel.m */; };
		D06DB9AF1934FB5500DCF445 /* ACAbgLayer.m in Sources */ = {isa = PBXBuildFile; fileRef = D06DB9AE1934FB5500DCF445 /* ACAbgLayer.m */; };
/* End PBXBuildFile section */

/* Begin PBXContainerItemProxy section */
		D06DB9901933B4BB00DCF445 /* PBXContainerItemProxy */ = {
			isa = PBXContainerItemProxy;
			containerPortal = D06DB9681933B4BB00DCF445 /* Project object */;
			proxyType = 1;
			remoteGlobalIDString = D06DB96F1933B4BB00DCF445;
			remoteInfo = alarmClock;
		};
/* End PBXContainerItemProxy section */

/* Begin PBXFileReference section */
		D06DB9701933B4BB00DCF445 /* alarmClock.app */ = {isa = PBXFileReference; explicitFileType = wrapper.application; includeInIndex = 0; path = alarmClock.app; sourceTree = BUILT_PRODUCTS_DIR; };
		D06DB9731933B4BB00DCF445 /* Foundation.framework */ = {isa = PBXFileReference; lastKnownFileType = wrapper.framework; name = Foundation.framework; path = System/Library/Frameworks/Foundation.framework; sourceTree = SDKROOT; };
		D06DB9751933B4BB00DCF445 /* CoreGraphics.framework */ = {isa = PBXFileReference; lastKnownFileType = wrapper.framework; name = CoreGraphics.framework; path = System/Library/Frameworks/CoreGraphics.framework; sourceTree = SDKROOT; };
		D06DB9771933B4BB00DCF445 /* UIKit.framework */ = {isa = PBXFileReference; lastKnownFileType = wrapper.framework; name = UIKit.framework; path = System/Library/Frameworks/UIKit.framework; sourceTree = SDKROOT; };
		D06DB97B1933B4BB00DCF445 /* alarmClock-Info.plist */ = {isa = PBXFileReference; lastKnownFileType = text.plist.xml; path = "alarmClock-Info.plist"; sourceTree = "<group>"; };
		D06DB97D1933B4BB00DCF445 /* en */ = {isa = PBXFileReference; lastKnownFileType = text.plist.strings; name = en; path = en.lproj/InfoPlist.strings; sourceTree = "<group>"; };
		D06DB97F1933B4BB00DCF445 /* main.m */ = {isa = PBXFileReference; lastKnownFileType = sourcecode.c.objc; path = main.m; sourceTree = "<group>"; };
		D06DB9811933B4BB00DCF445 /* alarmClock-Prefix.pch */ = {isa = PBXFileReference; lastKnownFileType = sourcecode.c.h; path = "alarmClock-Prefix.pch"; sourceTree = "<group>"; };
		D06DB9821933B4BB00DCF445 /* ACAAppDelegate.h */ = {isa = PBXFileReference; lastKnownFileType = sourcecode.c.h; path = ACAAppDelegate.h; sourceTree = "<group>"; };
		D06DB9831933B4BB00DCF445 /* ACAAppDelegate.m */ = {isa = PBXFileReference; lastKnownFileType = sourcecode.c.objc; path = ACAAppDelegate.m; sourceTree = "<group>"; };
		D06DB9851933B4BB00DCF445 /* Images.xcassets */ = {isa = PBXFileReference; lastKnownFileType = folder.assetcatalog; path = Images.xcassets; sourceTree = "<group>"; };
		D06DB98B1933B4BB00DCF445 /* alarmClockTests.xctest */ = {isa = PBXFileReference; explicitFileType = wrapper.cfbundle; includeInIndex = 0; path = alarmClockTests.xctest; sourceTree = BUILT_PRODUCTS_DIR; };
		D06DB98C1933B4BB00DCF445 /* XCTest.framework */ = {isa = PBXFileReference; lastKnownFileType = wrapper.framework; name = XCTest.framework; path = Library/Frameworks/XCTest.framework; sourceTree = DEVELOPER_DIR; };
		D06DB9941933B4BB00DCF445 /* alarmClockTests-Info.plist */ = {isa = PBXFileReference; lastKnownFileType = text.plist.xml; path = "alarmClockTests-Info.plist"; sourceTree = "<group>"; };
		D06DB9961933B4BB00DCF445 /* en */ = {isa = PBXFileReference; lastKnownFileType = text.plist.strings; name = en; path = en.lproj/InfoPlist.strings; sourceTree = "<group>"; };
		D06DB9981933B4BB00DCF445 /* alarmClockTests.m */ = {isa = PBXFileReference; lastKnownFileType = sourcecode.c.objc; path = alarmClockTests.m; sourceTree = "<group>"; };
		D06DB9A41933B63A00DCF445 /* ACAViewController.h */ = {isa = PBXFileReference; fileEncoding = 4; lastKnownFileType = sourcecode.c.h; path = ACAViewController.h; sourceTree = "<group>"; };
		D06DB9A51933B63A00DCF445 /* ACAViewController.m */ = {isa = PBXFileReference; fileEncoding = 4; lastKnownFileType = sourcecode.c.objc; path = ACAViewController.m; sourceTree = "<group>"; };
		D06DB9A71934B70A00DCF445 /* ACAalarmLabel.h */ = {isa = PBXFileReference; fileEncoding = 4; lastKnownFileType = sourcecode.c.h; path = ACAalarmLabel.h; sourceTree = "<group>"; };
		D06DB9A81934B70A00DCF445 /* ACAalarmLabel.m */ = {isa = PBXFileReference; fileEncoding = 4; lastKnownFileType = sourcecode.c.objc; path = ACAalarmLabel.m; sourceTree = "<group>"; };
		D06DB9AD1934FB5500DCF445 /* ACAbgLayer.h */ = {isa = PBXFileReference; fileEncoding = 4; lastKnownFileType = sourcecode.c.h; path = ACAbgLayer.h; sourceTree = "<group>"; };
		D06DB9AE1934FB5500DCF445 /* ACAbgLayer.m */ = {isa = PBXFileReference; fileEncoding = 4; lastKnownFileType = sourcecode.c.objc; path = ACAbgLayer.m; sourceTree = "<group>"; };
/* End PBXFileReference section */

/* Begin PBXFrameworksBuildPhase section */
		D06DB96D1933B4BB00DCF445 /* Frameworks */ = {
			isa = PBXFrameworksBuildPhase;
			buildActionMask = 2147483647;
			files = (
				D06DB9761933B4BB00DCF445 /* CoreGraphics.framework in Frameworks */,
				D06DB9781933B4BB00DCF445 /* UIKit.framework in Frameworks */,
				D06DB9741933B4BB00DCF445 /* Foundation.framework in Frameworks */,
			);
			runOnlyForDeploymentPostprocessing = 0;
		};
		D06DB9881933B4BB00DCF445 /* Frameworks */ = {
			isa = PBXFrameworksBuildPhase;
			buildActionMask = 2147483647;
			files = (
				D06DB98D1933B4BB00DCF445 /* XCTest.framework in Frameworks */,
				D06DB98F1933B4BB00DCF445 /* UIKit.framework in Frameworks */,
				D06DB98E1933B4BB00DCF445 /* Foundation.framework in Frameworks */,
			);
			runOnlyForDeploymentPostprocessing = 0;
		};
/* End PBXFrameworksBuildPhase section */

/* Begin PBXGroup section */
		D06DB9671933B4BB00DCF445 = {
			isa = PBXGroup;
			children = (
				D06DB9AD1934FB5500DCF445 /* ACAbgLayer.h */,
				D06DB9AE1934FB5500DCF445 /* ACAbgLayer.m */,
				D06DB9A71934B70A00DCF445 /* ACAalarmLabel.h */,
				D06DB9A81934B70A00DCF445 /* ACAalarmLabel.m */,
				D06DB9A31933B5FF00DCF445 /* Views */,
				D06DB9A21933B5F200DCF445 /* Controllers */,
				D06DB9791933B4BB00DCF445 /* alarmClock */,
				D06DB9921933B4BB00DCF445 /* alarmClockTests */,
				D06DB9721933B4BB00DCF445 /* Frameworks */,
				D06DB9711933B4BB00DCF445 /* Products */,
			);
			sourceTree = "<group>";
		};
		D06DB9711933B4BB00DCF445 /* Products */ = {
			isa = PBXGroup;
			children = (
				D06DB9701933B4BB00DCF445 /* alarmClock.app */,
				D06DB98B1933B4BB00DCF445 /* alarmClockTests.xctest */,
			);
			name = Products;
			sourceTree = "<group>";
		};
		D06DB9721933B4BB00DCF445 /* Frameworks */ = {
			isa = PBXGroup;
			children = (
				D06DB9731933B4BB00DCF445 /* Foundation.framework */,
				D06DB9751933B4BB00DCF445 /* CoreGraphics.framework */,
				D06DB9771933B4BB00DCF445 /* UIKit.framework */,
				D06DB98C1933B4BB00DCF445 /* XCTest.framework */,
			);
			name = Frameworks;
			sourceTree = "<group>";
		};
		D06DB9791933B4BB00DCF445 /* alarmClock */ = {
			isa = PBXGroup;
			children = (
				D06DB9821933B4BB00DCF445 /* ACAAppDelegate.h */,
				D06DB9831933B4BB00DCF445 /* ACAAppDelegate.m */,
				D06DB9851933B4BB00DCF445 /* Images.xcassets */,
				D06DB97A1933B4BB00DCF445 /* Supporting Files */,
			);
			path = alarmClock;
			sourceTree = "<group>";
		};
		D06DB97A1933B4BB00DCF445 /* Supporting Files */ = {
			isa = PBXGroup;
			children = (
				D06DB97B1933B4BB00DCF445 /* alarmClock-Info.plist */,
				D06DB97C1933B4BB00DCF445 /* InfoPlist.strings */,
				D06DB97F1933B4BB00DCF445 /* main.m */,
				D06DB9811933B4BB00DCF445 /* alarmClock-Prefix.pch */,
			);
			name = "Supporting Files";
			sourceTree = "<group>";
		};
		D06DB9921933B4BB00DCF445 /* alarmClockTests */ = {
			isa = PBXGroup;
			children = (
				D06DB9981933B4BB00DCF445 /* alarmClockTests.m */,
				D06DB9931933B4BB00DCF445 /* Supporting Files */,
			);
			path = alarmClockTests;
			sourceTree = "<group>";
		};
		D06DB9931933B4BB00DCF445 /* Supporting Files */ = {
			isa = PBXGroup;
			children = (
				D06DB9941933B4BB00DCF445 /* alarmClockTests-Info.plist */,
				D06DB9951933B4BB00DCF445 /* InfoPlist.strings */,
			);
			name = "Supporting Files";
			sourceTree = "<group>";
		};
		D06DB9A21933B5F200DCF445 /* Controllers */ = {
			isa = PBXGroup;
			children = (
				D06DB9A41933B63A00DCF445 /* ACAViewController.h */,
				D06DB9A51933B63A00DCF445 /* ACAViewController.m */,
			);
			name = Controllers;
			sourceTree = "<group>";
		};
		D06DB9A31933B5FF00DCF445 /* Views */ = {
			isa = PBXGroup;
			children = (
			);
			name = Views;
			sourceTree = "<group>";
		};
/* End PBXGroup section */

/* Begin PBXNativeTarget section */
		D06DB96F1933B4BB00DCF445 /* alarmClock */ = {
			isa = PBXNativeTarget;
			buildConfigurationList = D06DB99C1933B4BB00DCF445 /* Build configuration list for PBXNativeTarget "alarmClock" */;
			buildPhases = (
				D06DB96C1933B4BB00DCF445 /* Sources */,
				D06DB96D1933B4BB00DCF445 /* Frameworks */,
				D06DB96E1933B4BB00DCF445 /* Resources */,
			);
			buildRules = (
			);
			dependencies = (
			);
			name = alarmClock;
			productName = alarmClock;
			productReference = D06DB9701933B4BB00DCF445 /* alarmClock.app */;
			productType = "com.apple.product-type.application";
		};
		D06DB98A1933B4BB00DCF445 /* alarmClockTests */ = {
			isa = PBXNativeTarget;
			buildConfigurationList = D06DB99F1933B4BB00DCF445 /* Build configuration list for PBXNativeTarget "alarmClockTests" */;
			buildPhases = (
				D06DB9871933B4BB00DCF445 /* Sources */,
				D06DB9881933B4BB00DCF445 /* Frameworks */,
				D06DB9891933B4BB00DCF445 /* Resources */,
			);
			buildRules = (
			);
			dependencies = (
				D06DB9911933B4BB00DCF445 /* PBXTargetDependency */,
			);
			name = alarmClockTests;
			productName = alarmClockTests;
			productReference = D06DB98B1933B4BB00DCF445 /* alarmClockTests.xctest */;
			productType = "com.apple.product-type.bundle.unit-test";
		};
/* End PBXNativeTarget section */

/* Begin PBXProject section */
		D06DB9681933B4BB00DCF445 /* Project object */ = {
			isa = PBXProject;
			attributes = {
				CLASSPREFIX = ACA;
				LastUpgradeCheck = 0510;
				ORGANIZATIONNAME = "John Yam";
				TargetAttributes = {
					D06DB98A1933B4BB00DCF445 = {
						TestTargetID = D06DB96F1933B4BB00DCF445;
					};
				};
			};
			buildConfigurationList = D06DB96B1933B4BB00DCF445 /* Build configuration list for PBXProject "alarmClock" */;
			compatibilityVersion = "Xcode 3.2";
			developmentRegion = English;
			hasScannedForEncodings = 0;
			knownRegions = (
				en,
			);
			mainGroup = D06DB9671933B4BB00DCF445;
			productRefGroup = D06DB9711933B4BB00DCF445 /* Products */;
			projectDirPath = "";
			projectRoot = "";
			targets = (
				D06DB96F1933B4BB00DCF445 /* alarmClock */,
				D06DB98A1933B4BB00DCF445 /* alarmClockTests */,
			);
		};
/* End PBXProject section */

/* Begin PBXResourcesBuildPhase section */
		D06DB96E1933B4BB00DCF445 /* Resources */ = {
			isa = PBXResourcesBuildPhase;
			buildActionMask = 2147483647;
			files = (
				D06DB97E1933B4BB00DCF445 /* InfoPlist.strings in Resources */,
				D06DB9861933B4BB00DCF445 /* Images.xcassets in Resources */,
			);
			runOnlyForDeploymentPostprocessing = 0;
		};
		D06DB9891933B4BB00DCF445 /* Resources */ = {
			isa = PBXResourcesBuildPhase;
			buildActionMask = 2147483647;
			files = (
				D06DB9971933B4BB00DCF445 /* InfoPlist.strings in Resources */,
			);
			runOnlyForDeploymentPostprocessing = 0;
		};
/* End PBXResourcesBuildPhase section */

/* Begin PBXSourcesBuildPhase section */
		D06DB96C1933B4BB00DCF445 /* Sources */ = {
			isa = PBXSourcesBuildPhase;
			buildActionMask = 2147483647;
			files = (
				D06DB9A91934B70A00DCF445 /* ACAalarmLabel.m in Sources */,
				D06DB9841933B4BB00DCF445 /* ACAAppDelegate.m in Sources */,
				D06DB9801933B4BB00DCF445 /* main.m in Sources */,
				D06DB9A61933B63A00DCF445 /* ACAViewController.m in Sources */,
				D06DB9AF1934FB5500DCF445 /* ACAbgLayer.m in Sources */,
			);
			runOnlyForDeploymentPostprocessing = 0;
		};
		D06DB9871933B4BB00DCF445 /* Sources */ = {
			isa = PBXSourcesBuildPhase;
			buildActionMask = 2147483647;
			files = (
				D06DB9991933B4BB00DCF445 /* alarmClockTests.m in Sources */,
			);
			runOnlyForDeploymentPostprocessing = 0;
		};
/* End PBXSourcesBuildPhase section */

/* Begin PBXTargetDependency section */
		D06DB9911933B4BB00DCF445 /* PBXTargetDependency */ = {
			isa = PBXTargetDependency;
			target = D06DB96F1933B4BB00DCF445 /* alarmClock */;
			targetProxy = D06DB9901933B4BB00DCF445 /* PBXContainerItemProxy */;
		};
/* End PBXTargetDependency section */

/* Begin PBXVariantGroup section */
		D06DB97C1933B4BB00DCF445 /* InfoPlist.strings */ = {
			isa = PBXVariantGroup;
			children = (
				D06DB97D1933B4BB00DCF445 /* en */,
			);
			name = InfoPlist.strings;
			sourceTree = "<group>";
		};
		D06DB9951933B4BB00DCF445 /* InfoPlist.strings */ = {
			isa = PBXVariantGroup;
			children = (
				D06DB9961933B4BB00DCF445 /* en */,
			);
			name = InfoPlist.strings;
			sourceTree = "<group>";
		};
/* End PBXVariantGroup section */

/* Begin XCBuildConfiguration section */
		D06DB99A1933B4BB00DCF445 /* Debug */ = {
			isa = XCBuildConfiguration;
			buildSettings = {
				ALWAYS_SEARCH_USER_PATHS = NO;
				CLANG_CXX_LANGUAGE_STANDARD = "gnu++0x";
				CLANG_CXX_LIBRARY = "libc++";
				CLANG_ENABLE_MODULES = YES;
				CLANG_ENABLE_OBJC_ARC = YES;
				CLANG_WARN_BOOL_CONVERSION = YES;
				CLANG_WARN_CONSTANT_CONVERSION = YES;
				CLANG_WARN_DIRECT_OBJC_ISA_USAGE = YES_ERROR;
				CLANG_WARN_EMPTY_BODY = YES;
				CLANG_WARN_ENUM_CONVERSION = YES;
				CLANG_WARN_INT_CONVERSION = YES;
				CLANG_WARN_OBJC_ROOT_CLASS = YES_ERROR;
				CLANG_WARN__DUPLICATE_METHOD_MATCH = YES;
				"CODE_SIGN_IDENTITY[sdk=iphoneos*]" = "iPhone Developer";
				COPY_PHASE_STRIP = NO;
				GCC_C_LANGUAGE_STANDARD = gnu99;
				GCC_DYNAMIC_NO_PIC = NO;
				GCC_OPTIMIZATION_LEVEL = 0;
				GCC_PREPROCESSOR_DEFINITIONS = (
					"DEBUG=1",
					"$(inherited)",
				);
				GCC_SYMBOLS_PRIVATE_EXTERN = NO;
				GCC_WARN_64_TO_32_BIT_CONVERSION = YES;
				GCC_WARN_ABOUT_RETURN_TYPE = YES_ERROR;
				GCC_WARN_UNDECLARED_SELECTOR = YES;
				GCC_WARN_UNINITIALIZED_AUTOS = YES_AGGRESSIVE;
				GCC_WARN_UNUSED_FUNCTION = YES;
				GCC_WARN_UNUSED_VARIABLE = YES;
				IPHONEOS_DEPLOYMENT_TARGET = 7.1;
				ONLY_ACTIVE_ARCH = YES;
				SDKROOT = iphoneos;
			};
			name = Debug;
		};
		D06DB99B1933B4BB00DCF445 /* Release */ = {
			isa = XCBuildConfiguration;
			buildSettings = {
				ALWAYS_SEARCH_USER_PATHS = NO;
				CLANG_CXX_LANGUAGE_STANDARD = "gnu++0x";
				CLANG_CXX_LIBRARY = "libc++";
				CLANG_ENABLE_MODULES = YES;
				CLANG_ENABLE_OBJC_ARC = YES;
				CLANG_WARN_BOOL_CONVERSION = YES;
				CLANG_WARN_CONSTANT_CONVERSION = YES;
				CLANG_WARN_DIRECT_OBJC_ISA_USAGE = YES_ERROR;
				CLANG_WARN_EMPTY_BODY = YES;
				CLANG_WARN_ENUM_CONVERSION = YES;
				CLANG_WARN_INT_CONVERSION = YES;
				CLANG_WARN_OBJC_ROOT_CLASS = YES_ERROR;
				CLANG_WARN__DUPLICATE_METHOD_MATCH = YES;
				"CODE_SIGN_IDENTITY[sdk=iphoneos*]" = "iPhone Developer";
				COPY_PHASE_STRIP = YES;
				ENABLE_NS_ASSERTIONS = NO;
				GCC_C_LANGUAGE_STANDARD = gnu99;
				GCC_WARN_64_TO_32_BIT_CONVERSION = YES;
				GCC_WARN_ABOUT_RETURN_TYPE = YES_ERROR;
				GCC_WARN_UNDECLARED_SELECTOR = YES;
				GCC_WARN_UNINITIALIZED_AUTOS = YES_AGGRESSIVE;
				GCC_WARN_UNUSED_FUNCTION = YES;
				GCC_WARN_UNUSED_VARIABLE = YES;
				IPHONEOS_DEPLOYMENT_TARGET = 7.1;
				SDKROOT = iphoneos;
				VALIDATE_PRODUCT = YES;
			};
			name = Release;
		};
		D06DB99D1933B4BB00DCF445 /* Debug */ = {
			isa = XCBuildConfiguration;
			buildSettings = {
				ASSETCATALOG_COMPILER_APPICON_NAME = AppIcon;
				ASSETCATALOG_COMPILER_LAUNCHIMAGE_NAME = LaunchImage;
				GCC_PRECOMPILE_PREFIX_HEADER = YES;
				GCC_PREFIX_HEADER = "alarmClock/alarmClock-Prefix.pch";
				INFOPLIST_FILE = "alarmClock/alarmClock-Info.plist";
				PRODUCT_NAME = "$(TARGET_NAME)";
				WRAPPER_EXTENSION = app;
			};
			name = Debug;
		};
		D06DB99E1933B4BB00DCF445 /* Release */ = {
			isa = XCBuildConfiguration;
			buildSettings = {
				ASSETCATALOG_COMPILER_APPICON_NAME = AppIcon;
				ASSETCATALOG_COMPILER_LAUNCHIMAGE_NAME = LaunchImage;
				GCC_PRECOMPILE_PREFIX_HEADER = YES;
				GCC_PREFIX_HEADER = "alarmClock/alarmClock-Prefix.pch";
				INFOPLIST_FILE = "alarmClock/alarmClock-Info.plist";
				PRODUCT_NAME = "$(TARGET_NAME)";
				WRAPPER_EXTENSION = app;
			};
			name = Release;
		};
		D06DB9A01933B4BB00DCF445 /* Debug */ = {
			isa = XCBuildConfiguration;
			buildSettings = {
				BUNDLE_LOADER = "$(BUILT_PRODUCTS_DIR)/alarmClock.app/alarmClock";
				FRAMEWORK_SEARCH_PATHS = (
					"$(SDKROOT)/Developer/Library/Frameworks",
					"$(inherited)",
					"$(DEVELOPER_FRAMEWORKS_DIR)",
				);
				GCC_PRECOMPILE_PREFIX_HEADER = YES;
				GCC_PREFIX_HEADER = "alarmClock/alarmClock-Prefix.pch";
				GCC_PREPROCESSOR_DEFINITIONS = (
					"DEBUG=1",
					"$(inherited)",
				);
				INFOPLIST_FILE = "alarmClockTests/alarmClockTests-Info.plist";
				PRODUCT_NAME = "$(TARGET_NAME)";
				TEST_HOST = "$(BUNDLE_LOADER)";
				WRAPPER_EXTENSION = xctest;
			};
			name = Debug;
		};
		D06DB9A11933B4BB00DCF445 /* Release */ = {
			isa = XCBuildConfiguration;
			buildSettings = {
				BUNDLE_LOADER = "$(BUILT_PRODUCTS_DIR)/alarmClock.app/alarmClock";
				FRAMEWORK_SEARCH_PATHS = (
					"$(SDKROOT)/Developer/Library/Frameworks",
					"$(inherited)",
					"$(DEVELOPER_FRAMEWORKS_DIR)",
				);
				GCC_PRECOMPILE_PREFIX_HEADER = YES;
				GCC_PREFIX_HEADER = "alarmClock/alarmClock-Prefix.pch";
				INFOPLIST_FILE = "alarmClockTests/alarmClockTests-Info.plist";
				PRODUCT_NAME = "$(TARGET_NAME)";
				TEST_HOST = "$(BUNDLE_LOADER)";
				WRAPPER_EXTENSION = xctest;
			};
			name = Release;
		};
/* End XCBuildConfiguration section */

/* Begin XCConfigurationList section */
		D06DB96B1933B4BB00DCF445 /* Build configuration list for PBXProject "alarmClock" */ = {
			isa = XCConfigurationList;
			buildConfigurations = (
				D06DB99A1933B4BB00DCF445 /* Debug */,
				D06DB99B1933B4BB00DCF445 /* Release */,
			);
			defaultConfigurationIsVisible = 0;
			defaultConfigurationName = Release;
		};
		D06DB99C1933B4BB00DCF445 /* Build configuration list for PBXNativeTarget "alarmClock" */ = {
			isa = XCConfigurationList;
			buildConfigurations = (
				D06DB99D1933B4BB00DCF445 /* Debug */,
				D06DB99E1933B4BB00DCF445 /* Release */,
			);
			defaultConfigurationIsVisible = 0;
		};
		D06DB99F1933B4BB00DCF445 /* Build configuration list for PBXNativeTarget "alarmClockTests" */ = {
			isa = XCConfigurationList;
			buildConfigurations = (
				D06DB9A01933B4BB00DCF445 /* Debug */,
				D06DB9A11933B4BB00DCF445 /* Release */,
			);
			defaultConfigurationIsVisible = 0;
		};
/* End XCConfigurationList section */
	};
	rootObject = D06DB9681933B4BB00DCF445 /* Project object */;
}
