// !$*UTF8*$!
{
	archiveVersion = 1;
	classes = {
	};
	objectVersion = 46;
	objects = {

/* Begin PBXBuildFile section */
		D010E3A119528AF200BDF718 /* magicalbells.mp3 in Resources */ = {isa = PBXBuildFile; fileRef = D010E3A019528AF200BDF718 /* magicalbells.mp3 */; };
		D0197B4919462CE500A140C4 /* Crashlytics.framework in Frameworks */ = {isa = PBXBuildFile; fileRef = D0197B4819462CE500A140C4 /* Crashlytics.framework */; };
		D02FA47F193CE0B000A05AA4 /* ACATweetVC.m in Sources */ = {isa = PBXBuildFile; fileRef = D02FA47E193CE0B000A05AA4 /* ACATweetVC.m */; };
		D064D2F71951C77100CF379F /* ACAoptionsButton.m in Sources */ = {isa = PBXBuildFile; fileRef = D064D2F61951C77100CF379F /* ACAoptionsButton.m */; };
		D06DB9741933B4BB00DCF445 /* Foundation.framework in Frameworks */ = {isa = PBXBuildFile; fileRef = D06DB9731933B4BB00DCF445 /* Foundation.framework */; };
		D06DB9761933B4BB00DCF445 /* CoreGraphics.framework in Frameworks */ = {isa = PBXBuildFile; fileRef = D06DB9751933B4BB00DCF445 /* CoreGraphics.framework */; };
		D06DB9781933B4BB00DCF445 /* UIKit.framework in Frameworks */ = {isa = PBXBuildFile; fileRef = D06DB9771933B4BB00DCF445 /* UIKit.framework */; };
		D06DB97E1933B4BB00DCF445 /* InfoPlist.strings in Resources */ = {isa = PBXBuildFile; fileRef = D06DB97C1933B4BB00DCF445 /* InfoPlist.strings */; };
		D06DB9801933B4BB00DCF445 /* main.m in Sources */ = {isa = PBXBuildFile; fileRef = D06DB97F1933B4BB00DCF445 /* main.m */; };
		D06DB9841933B4BB00DCF445 /* ACAAppDelegate.m in Sources */ = {isa = PBXBuildFile; fileRef = D06DB9831933B4BB00DCF445 /* ACAAppDelegate.m */; };
		D06DB9861933B4BB00DCF445 /* Images.xcassets in Resources */ = {isa = PBXBuildFile; fileRef = D06DB9851933B4BB00DCF445 /* Images.xcassets */; };
		D06DB98D1933B4BB00DCF445 /* XCTest.framework in Frameworks */ = {isa = PBXBuildFile; fileRef = D06DB98C1933B4BB00DCF445 /* XCTest.framework */; };
		D06DB98E1933B4BB00DCF445 /* Foundation.framework in Frameworks */ = {isa = PBXBuildFile; fileRef = D06DB9731933B4BB00DCF445 /* Foundation.framework */; };
		D06DB98F1933B4BB00DCF445 /* UIKit.framework in Frameworks */ = {isa = PBXBuildFile; fileRef = D06DB9771933B4BB00DCF445 /* UIKit.framework */; };
		D06DB9971933B4BB00DCF445 /* InfoPlist.strings in Resources */ = {isa = PBXBuildFile; fileRef = D06DB9951933B4BB00DCF445 /* InfoPlist.strings */; };
		D06DB9991933B4BB00DCF445 /* alarmClockTests.m in Sources */ = {isa = PBXBuildFile; fileRef = D06DB9981933B4BB00DCF445 /* alarmClockTests.m */; };
		D06DB9A61933B63A00DCF445 /* ACAViewController.m in Sources */ = {isa = PBXBuildFile; fileRef = D06DB9A51933B63A00DCF445 /* ACAViewController.m */; };
		D06DB9A91934B70A00DCF445 /* ACAalarmLabel.m in Sources */ = {isa = PBXBuildFile; fileRef = D06DB9A81934B70A00DCF445 /* ACAalarmLabel.m */; };
		D06DB9AF1934FB5500DCF445 /* ACAbgLayer.m in Sources */ = {isa = PBXBuildFile; fileRef = D06DB9AE1934FB5500DCF445 /* ACAbgLayer.m */; };
		D06DB9B519355DBA00DCF445 /* ACAamPM.m in Sources */ = {isa = PBXBuildFile; fileRef = D06DB9B419355DBA00DCF445 /* ACAamPM.m */; };
		D06DB9B91935652600DCF445 /* ACAtimeButton.m in Sources */ = {isa = PBXBuildFile; fileRef = D06DB9B81935652600DCF445 /* ACAtimeButton.m */; };
		D06DB9BF193588E100DCF445 /* ACAalarmSwipe.m in Sources */ = {isa = PBXBuildFile; fileRef = D06DB9BE193588E100DCF445 /* ACAalarmSwipe.m */; };
		D06DB9C21936447600DCF445 /* ACAmainButtons.m in Sources */ = {isa = PBXBuildFile; fileRef = D06DB9C11936447600DCF445 /* ACAmainButtons.m */; };
		D06DB9C619375E7F00DCF445 /* ACAalarmsTVC.m in Sources */ = {isa = PBXBuildFile; fileRef = D06DB9C519375E7F00DCF445 /* ACAalarmsTVC.m */; };
		D06DB9C91937B81E00DCF445 /* ACATVCell.m in Sources */ = {isa = PBXBuildFile; fileRef = D06DB9C81937B81E00DCF445 /* ACATVCell.m */; };
		D06DB9CC1937C57900DCF445 /* ACAalarmData.m in Sources */ = {isa = PBXBuildFile; fileRef = D06DB9CB1937C57900DCF445 /* ACAalarmData.m */; };
		D098800F19496248005A886D /* song.mp3 in Resources */ = {isa = PBXBuildFile; fileRef = D098800E19496248005A886D /* song.mp3 */; };
		D0988073194AA13F005A886D /* xylophone_tone.mp3 in Resources */ = {isa = PBXBuildFile; fileRef = D0988072194AA13F005A886D /* xylophone_tone.mp3 */; };
		D0988075194AA303005A886D /* kbwhistle.mp3 in Resources */ = {isa = PBXBuildFile; fileRef = D0988074194AA303005A886D /* kbwhistle.mp3 */; };
		D0988077194AA31E005A886D /* bells.mp3 in Resources */ = {isa = PBXBuildFile; fileRef = D0988076194AA31E005A886D /* bells.mp3 */; };
		D0988079194AA353005A886D /* cutebells.mp3 in Resources */ = {isa = PBXBuildFile; fileRef = D0988078194AA353005A886D /* cutebells.mp3 */; };
		D098807C194AB46E005A886D /* ACAvolumeSlider.m in Sources */ = {isa = PBXBuildFile; fileRef = D098807B194AB46E005A886D /* ACAvolumeSlider.m */; };
		D0D3D1DE194E6BC900950FC9 /* CoreLocation.framework in Frameworks */ = {isa = PBXBuildFile; fileRef = D0D3D1DD194E6BC900950FC9 /* CoreLocation.framework */; };
		D0D3D1E0194E6BD500950FC9 /* Social.framework in Frameworks */ = {isa = PBXBuildFile; fileRef = D0D3D1DF194E6BD500950FC9 /* Social.framework */; };
		D0D3D1E2194E6BE100950FC9 /* Twitter.framework in Frameworks */ = {isa = PBXBuildFile; fileRef = D0D3D1E1194E6BE100950FC9 /* Twitter.framework */; };
		D0D3D1E4194E6BF600950FC9 /* Accounts.framework in Frameworks */ = {isa = PBXBuildFile; fileRef = D0D3D1E3194E6BF600950FC9 /* Accounts.framework */; };
		D0D3D22E194E9E6D00950FC9 /* NSDateFormatter+STTwitter.m in Sources */ = {isa = PBXBuildFile; fileRef = D0D3D212194E9E6D00950FC9 /* NSDateFormatter+STTwitter.m */; };
		D0D3D22F194E9E6D00950FC9 /* NSError+STTwitter.m in Sources */ = {isa = PBXBuildFile; fileRef = D0D3D214194E9E6D00950FC9 /* NSError+STTwitter.m */; };
		D0D3D230194E9E6D00950FC9 /* NSString+STTwitter.m in Sources */ = {isa = PBXBuildFile; fileRef = D0D3D216194E9E6D00950FC9 /* NSString+STTwitter.m */; };
		D0D3D231194E9E6D00950FC9 /* STHTTPRequest+STTwitter.m in Sources */ = {isa = PBXBuildFile; fileRef = D0D3D218194E9E6D00950FC9 /* STHTTPRequest+STTwitter.m */; };
		D0D3D232194E9E6D00950FC9 /* STTwitterAPI.m in Sources */ = {isa = PBXBuildFile; fileRef = D0D3D21B194E9E6D00950FC9 /* STTwitterAPI.m */; };
		D0D3D233194E9E6D00950FC9 /* STTwitterAppOnly.m in Sources */ = {isa = PBXBuildFile; fileRef = D0D3D21D194E9E6D00950FC9 /* STTwitterAppOnly.m */; };
		D0D3D234194E9E6D00950FC9 /* STTwitterHTML.m in Sources */ = {isa = PBXBuildFile; fileRef = D0D3D21F194E9E6D00950FC9 /* STTwitterHTML.m */; };
		D0D3D235194E9E6D00950FC9 /* STTwitterOAuth.m in Sources */ = {isa = PBXBuildFile; fileRef = D0D3D221194E9E6D00950FC9 /* STTwitterOAuth.m */; };
		D0D3D236194E9E6D00950FC9 /* STTwitterOS.m in Sources */ = {isa = PBXBuildFile; fileRef = D0D3D223194E9E6D00950FC9 /* STTwitterOS.m */; };
		D0D3D237194E9E6D00950FC9 /* STTwitterOSRequest.m in Sources */ = {isa = PBXBuildFile; fileRef = D0D3D225194E9E6D00950FC9 /* STTwitterOSRequest.m */; };
		D0D3D238194E9E6D00950FC9 /* BAVPlistNode.m in Sources */ = {isa = PBXBuildFile; fileRef = D0D3D229194E9E6D00950FC9 /* BAVPlistNode.m */; };
		D0D3D239194E9E6D00950FC9 /* JSONSyntaxHighlight.m in Sources */ = {isa = PBXBuildFile; fileRef = D0D3D22B194E9E6D00950FC9 /* JSONSyntaxHighlight.m */; };
		D0D3D23A194E9E6D00950FC9 /* STHTTPRequest.m in Sources */ = {isa = PBXBuildFile; fileRef = D0D3D22D194E9E6D00950FC9 /* STHTTPRequest.m */; };
/* End PBXBuildFile section */

/* Begin PBXContainerItemProxy section */
		D06DB9901933B4BB00DCF445 /* PBXContainerItemProxy */ = {
			isa = PBXContainerItemProxy;
			containerPortal = D06DB9681933B4BB00DCF445 /* Project object */;
			proxyType = 1;
			remoteGlobalIDString = D06DB96F1933B4BB00DCF445;
			remoteInfo = alarmClock;
		};
/* End PBXContainerItemProxy section */

/* Begin PBXFileReference section */
		D010E3A019528AF200BDF718 /* magicalbells.mp3 */ = {isa = PBXFileReference; lastKnownFileType = audio.mp3; path = magicalbells.mp3; sourceTree = "<group>"; };
		D0197B4819462CE500A140C4 /* Crashlytics.framework */ = {isa = PBXFileReference; lastKnownFileType = wrapper.framework; path = Crashlytics.framework; sourceTree = "<group>"; };
		D02FA47D193CE0B000A05AA4 /* ACATweetVC.h */ = {isa = PBXFileReference; fileEncoding = 4; lastKnownFileType = sourcecode.c.h; path = ACATweetVC.h; sourceTree = "<group>"; };
		D02FA47E193CE0B000A05AA4 /* ACATweetVC.m */ = {isa = PBXFileReference; fileEncoding = 4; lastKnownFileType = sourcecode.c.objc; path = ACATweetVC.m; sourceTree = "<group>"; };
		D064D2F51951C77100CF379F /* ACAoptionsButton.h */ = {isa = PBXFileReference; fileEncoding = 4; lastKnownFileType = sourcecode.c.h; path = ACAoptionsButton.h; sourceTree = "<group>"; };
		D064D2F61951C77100CF379F /* ACAoptionsButton.m */ = {isa = PBXFileReference; fileEncoding = 4; lastKnownFileType = sourcecode.c.objc; path = ACAoptionsButton.m; sourceTree = "<group>"; };
		D06DB9701933B4BB00DCF445 /* Tweet Alarm.app */ = {isa = PBXFileReference; explicitFileType = wrapper.application; includeInIndex = 0; path = "Tweet Alarm.app"; sourceTree = BUILT_PRODUCTS_DIR; };
		D06DB9731933B4BB00DCF445 /* Foundation.framework */ = {isa = PBXFileReference; lastKnownFileType = wrapper.framework; name = Foundation.framework; path = System/Library/Frameworks/Foundation.framework; sourceTree = SDKROOT; };
		D06DB9751933B4BB00DCF445 /* CoreGraphics.framework */ = {isa = PBXFileReference; lastKnownFileType = wrapper.framework; name = CoreGraphics.framework; path = System/Library/Frameworks/CoreGraphics.framework; sourceTree = SDKROOT; };
		D06DB9771933B4BB00DCF445 /* UIKit.framework */ = {isa = PBXFileReference; lastKnownFileType = wrapper.framework; name = UIKit.framework; path = System/Library/Frameworks/UIKit.framework; sourceTree = SDKROOT; };
		D06DB97B1933B4BB00DCF445 /* Tweet Alarm-Info.plist */ = {isa = PBXFileReference; lastKnownFileType = text.plist.xml; path = "Tweet Alarm-Info.plist"; sourceTree = "<group>"; };
		D06DB97D1933B4BB00DCF445 /* en */ = {isa = PBXFileReference; lastKnownFileType = text.plist.strings; name = en; path = en.lproj/InfoPlist.strings; sourceTree = "<group>"; };
		D06DB97F1933B4BB00DCF445 /* main.m */ = {isa = PBXFileReference; lastKnownFileType = sourcecode.c.objc; path = main.m; sourceTree = "<group>"; };
		D06DB9811933B4BB00DCF445 /* Tweet Alarm-Prefix.pch */ = {isa = PBXFileReference; lastKnownFileType = sourcecode.c.h; path = "Tweet Alarm-Prefix.pch"; sourceTree = "<group>"; };
		D06DB9821933B4BB00DCF445 /* ACAAppDelegate.h */ = {isa = PBXFileReference; lastKnownFileType = sourcecode.c.h; path = ACAAppDelegate.h; sourceTree = "<group>"; };
		D06DB9831933B4BB00DCF445 /* ACAAppDelegate.m */ = {isa = PBXFileReference; lastKnownFileType = sourcecode.c.objc; path = ACAAppDelegate.m; sourceTree = "<group>"; };
		D06DB9851933B4BB00DCF445 /* Images.xcassets */ = {isa = PBXFileReference; lastKnownFileType = folder.assetcatalog; path = Images.xcassets; sourceTree = "<group>"; };
		D06DB98B1933B4BB00DCF445 /* Tweet AlarmTests.xctest */ = {isa = PBXFileReference; explicitFileType = wrapper.cfbundle; includeInIndex = 0; path = "Tweet AlarmTests.xctest"; sourceTree = BUILT_PRODUCTS_DIR; };
		D06DB98C1933B4BB00DCF445 /* XCTest.framework */ = {isa = PBXFileReference; lastKnownFileType = wrapper.framework; name = XCTest.framework; path = Library/Frameworks/XCTest.framework; sourceTree = DEVELOPER_DIR; };
		D06DB9941933B4BB00DCF445 /* Tweet AlarmTests-Info.plist */ = {isa = PBXFileReference; lastKnownFileType = text.plist.xml; path = "Tweet AlarmTests-Info.plist"; sourceTree = "<group>"; };
		D06DB9961933B4BB00DCF445 /* en */ = {isa = PBXFileReference; lastKnownFileType = text.plist.strings; name = en; path = en.lproj/InfoPlist.strings; sourceTree = "<group>"; };
		D06DB9981933B4BB00DCF445 /* alarmClockTests.m */ = {isa = PBXFileReference; lastKnownFileType = sourcecode.c.objc; path = alarmClockTests.m; sourceTree = "<group>"; };
		D06DB9A41933B63A00DCF445 /* ACAViewController.h */ = {isa = PBXFileReference; fileEncoding = 4; lastKnownFileType = sourcecode.c.h; path = ACAViewController.h; sourceTree = "<group>"; };
		D06DB9A51933B63A00DCF445 /* ACAViewController.m */ = {isa = PBXFileReference; fileEncoding = 4; lastKnownFileType = sourcecode.c.objc; path = ACAViewController.m; sourceTree = "<group>"; };
		D06DB9A71934B70A00DCF445 /* ACAalarmLabel.h */ = {isa = PBXFileReference; fileEncoding = 4; lastKnownFileType = sourcecode.c.h; path = ACAalarmLabel.h; sourceTree = "<group>"; };
		D06DB9A81934B70A00DCF445 /* ACAalarmLabel.m */ = {isa = PBXFileReference; fileEncoding = 4; lastKnownFileType = sourcecode.c.objc; path = ACAalarmLabel.m; sourceTree = "<group>"; };
		D06DB9AD1934FB5500DCF445 /* ACAbgLayer.h */ = {isa = PBXFileReference; fileEncoding = 4; lastKnownFileType = sourcecode.c.h; path = ACAbgLayer.h; sourceTree = "<group>"; };
		D06DB9AE1934FB5500DCF445 /* ACAbgLayer.m */ = {isa = PBXFileReference; fileEncoding = 4; lastKnownFileType = sourcecode.c.objc; path = ACAbgLayer.m; sourceTree = "<group>"; };
		D06DB9B319355DBA00DCF445 /* ACAamPM.h */ = {isa = PBXFileReference; fileEncoding = 4; lastKnownFileType = sourcecode.c.h; path = ACAamPM.h; sourceTree = "<group>"; };
		D06DB9B419355DBA00DCF445 /* ACAamPM.m */ = {isa = PBXFileReference; fileEncoding = 4; lastKnownFileType = sourcecode.c.objc; path = ACAamPM.m; sourceTree = "<group>"; };
		D06DB9B71935652600DCF445 /* ACAtimeButton.h */ = {isa = PBXFileReference; fileEncoding = 4; lastKnownFileType = sourcecode.c.h; path = ACAtimeButton.h; sourceTree = "<group>"; };
		D06DB9B81935652600DCF445 /* ACAtimeButton.m */ = {isa = PBXFileReference; fileEncoding = 4; lastKnownFileType = sourcecode.c.objc; path = ACAtimeButton.m; sourceTree = "<group>"; };
		D06DB9BD193588E100DCF445 /* ACAalarmSwipe.h */ = {isa = PBXFileReference; fileEncoding = 4; lastKnownFileType = sourcecode.c.h; path = ACAalarmSwipe.h; sourceTree = "<group>"; };
		D06DB9BE193588E100DCF445 /* ACAalarmSwipe.m */ = {isa = PBXFileReference; fileEncoding = 4; lastKnownFileType = sourcecode.c.objc; path = ACAalarmSwipe.m; sourceTree = "<group>"; };
		D06DB9C01936447600DCF445 /* ACAmainButtons.h */ = {isa = PBXFileReference; fileEncoding = 4; lastKnownFileType = sourcecode.c.h; path = ACAmainButtons.h; sourceTree = "<group>"; };
		D06DB9C11936447600DCF445 /* ACAmainButtons.m */ = {isa = PBXFileReference; fileEncoding = 4; lastKnownFileType = sourcecode.c.objc; path = ACAmainButtons.m; sourceTree = "<group>"; };
		D06DB9C419375E7F00DCF445 /* ACAalarmsTVC.h */ = {isa = PBXFileReference; fileEncoding = 4; lastKnownFileType = sourcecode.c.h; path = ACAalarmsTVC.h; sourceTree = "<group>"; };
		D06DB9C519375E7F00DCF445 /* ACAalarmsTVC.m */ = {isa = PBXFileReference; fileEncoding = 4; lastKnownFileType = sourcecode.c.objc; path = ACAalarmsTVC.m; sourceTree = "<group>"; };
		D06DB9C71937B81E00DCF445 /* ACATVCell.h */ = {isa = PBXFileReference; fileEncoding = 4; lastKnownFileType = sourcecode.c.h; path = ACATVCell.h; sourceTree = "<group>"; };
		D06DB9C81937B81E00DCF445 /* ACATVCell.m */ = {isa = PBXFileReference; fileEncoding = 4; lastKnownFileType = sourcecode.c.objc; path = ACATVCell.m; sourceTree = "<group>"; };
		D06DB9CA1937C57900DCF445 /* ACAalarmData.h */ = {isa = PBXFileReference; fileEncoding = 4; lastKnownFileType = sourcecode.c.h; path = ACAalarmData.h; sourceTree = "<group>"; };
		D06DB9CB1937C57900DCF445 /* ACAalarmData.m */ = {isa = PBXFileReference; fileEncoding = 4; lastKnownFileType = sourcecode.c.objc; path = ACAalarmData.m; sourceTree = "<group>"; };
		D098800E19496248005A886D /* song.mp3 */ = {isa = PBXFileReference; lastKnownFileType = audio.mp3; path = song.mp3; sourceTree = "<group>"; };
		D0988072194AA13F005A886D /* xylophone_tone.mp3 */ = {isa = PBXFileReference; lastKnownFileType = audio.mp3; path = xylophone_tone.mp3; sourceTree = "<group>"; };
		D0988074194AA303005A886D /* kbwhistle.mp3 */ = {isa = PBXFileReference; lastKnownFileType = audio.mp3; path = kbwhistle.mp3; sourceTree = "<group>"; };
		D0988076194AA31E005A886D /* bells.mp3 */ = {isa = PBXFileReference; lastKnownFileType = audio.mp3; path = bells.mp3; sourceTree = "<group>"; };
		D0988078194AA353005A886D /* cutebells.mp3 */ = {isa = PBXFileReference; lastKnownFileType = audio.mp3; path = cutebells.mp3; sourceTree = "<group>"; };
		D098807A194AB46E005A886D /* ACAvolumeSlider.h */ = {isa = PBXFileReference; fileEncoding = 4; lastKnownFileType = sourcecode.c.h; path = ACAvolumeSlider.h; sourceTree = "<group>"; };
		D098807B194AB46E005A886D /* ACAvolumeSlider.m */ = {isa = PBXFileReference; fileEncoding = 4; lastKnownFileType = sourcecode.c.objc; path = ACAvolumeSlider.m; sourceTree = "<group>"; };
		D0D3D1DD194E6BC900950FC9 /* CoreLocation.framework */ = {isa = PBXFileReference; lastKnownFileType = wrapper.framework; name = CoreLocation.framework; path = System/Library/Frameworks/CoreLocation.framework; sourceTree = SDKROOT; };
		D0D3D1DF194E6BD500950FC9 /* Social.framework */ = {isa = PBXFileReference; lastKnownFileType = wrapper.framework; name = Social.framework; path = System/Library/Frameworks/Social.framework; sourceTree = SDKROOT; };
		D0D3D1E1194E6BE100950FC9 /* Twitter.framework */ = {isa = PBXFileReference; lastKnownFileType = wrapper.framework; name = Twitter.framework; path = System/Library/Frameworks/Twitter.framework; sourceTree = SDKROOT; };
		D0D3D1E3194E6BF600950FC9 /* Accounts.framework */ = {isa = PBXFileReference; lastKnownFileType = wrapper.framework; name = Accounts.framework; path = System/Library/Frameworks/Accounts.framework; sourceTree = SDKROOT; };
		D0D3D211194E9E6D00950FC9 /* NSDateFormatter+STTwitter.h */ = {isa = PBXFileReference; fileEncoding = 4; lastKnownFileType = sourcecode.c.h; path = "NSDateFormatter+STTwitter.h"; sourceTree = "<group>"; };
		D0D3D212194E9E6D00950FC9 /* NSDateFormatter+STTwitter.m */ = {isa = PBXFileReference; fileEncoding = 4; lastKnownFileType = sourcecode.c.objc; path = "NSDateFormatter+STTwitter.m"; sourceTree = "<group>"; };
		D0D3D213194E9E6D00950FC9 /* NSError+STTwitter.h */ = {isa = PBXFileReference; fileEncoding = 4; lastKnownFileType = sourcecode.c.h; path = "NSError+STTwitter.h"; sourceTree = "<group>"; };
		D0D3D214194E9E6D00950FC9 /* NSError+STTwitter.m */ = {isa = PBXFileReference; fileEncoding = 4; lastKnownFileType = sourcecode.c.objc; path = "NSError+STTwitter.m"; sourceTree = "<group>"; };
		D0D3D215194E9E6D00950FC9 /* NSString+STTwitter.h */ = {isa = PBXFileReference; fileEncoding = 4; lastKnownFileType = sourcecode.c.h; path = "NSString+STTwitter.h"; sourceTree = "<group>"; };
		D0D3D216194E9E6D00950FC9 /* NSString+STTwitter.m */ = {isa = PBXFileReference; fileEncoding = 4; lastKnownFileType = sourcecode.c.objc; path = "NSString+STTwitter.m"; sourceTree = "<group>"; };
		D0D3D217194E9E6D00950FC9 /* STHTTPRequest+STTwitter.h */ = {isa = PBXFileReference; fileEncoding = 4; lastKnownFileType = sourcecode.c.h; path = "STHTTPRequest+STTwitter.h"; sourceTree = "<group>"; };
		D0D3D218194E9E6D00950FC9 /* STHTTPRequest+STTwitter.m */ = {isa = PBXFileReference; fileEncoding = 4; lastKnownFileType = sourcecode.c.objc; path = "STHTTPRequest+STTwitter.m"; sourceTree = "<group>"; };
		D0D3D219194E9E6D00950FC9 /* STTwitter.h */ = {isa = PBXFileReference; fileEncoding = 4; lastKnownFileType = sourcecode.c.h; path = STTwitter.h; sourceTree = "<group>"; };
		D0D3D21A194E9E6D00950FC9 /* STTwitterAPI.h */ = {isa = PBXFileReference; fileEncoding = 4; lastKnownFileType = sourcecode.c.h; path = STTwitterAPI.h; sourceTree = "<group>"; };
		D0D3D21B194E9E6D00950FC9 /* STTwitterAPI.m */ = {isa = PBXFileReference; fileEncoding = 4; lastKnownFileType = sourcecode.c.objc; path = STTwitterAPI.m; sourceTree = "<group>"; };
		D0D3D21C194E9E6D00950FC9 /* STTwitterAppOnly.h */ = {isa = PBXFileReference; fileEncoding = 4; lastKnownFileType = sourcecode.c.h; path = STTwitterAppOnly.h; sourceTree = "<group>"; };
		D0D3D21D194E9E6D00950FC9 /* STTwitterAppOnly.m */ = {isa = PBXFileReference; fileEncoding = 4; lastKnownFileType = sourcecode.c.objc; path = STTwitterAppOnly.m; sourceTree = "<group>"; };
		D0D3D21E194E9E6D00950FC9 /* STTwitterHTML.h */ = {isa = PBXFileReference; fileEncoding = 4; lastKnownFileType = sourcecode.c.h; path = STTwitterHTML.h; sourceTree = "<group>"; };
		D0D3D21F194E9E6D00950FC9 /* STTwitterHTML.m */ = {isa = PBXFileReference; fileEncoding = 4; lastKnownFileType = sourcecode.c.objc; path = STTwitterHTML.m; sourceTree = "<group>"; };
		D0D3D220194E9E6D00950FC9 /* STTwitterOAuth.h */ = {isa = PBXFileReference; fileEncoding = 4; lastKnownFileType = sourcecode.c.h; path = STTwitterOAuth.h; sourceTree = "<group>"; };
		D0D3D221194E9E6D00950FC9 /* STTwitterOAuth.m */ = {isa = PBXFileReference; fileEncoding = 4; lastKnownFileType = sourcecode.c.objc; path = STTwitterOAuth.m; sourceTree = "<group>"; };
		D0D3D222194E9E6D00950FC9 /* STTwitterOS.h */ = {isa = PBXFileReference; fileEncoding = 4; lastKnownFileType = sourcecode.c.h; path = STTwitterOS.h; sourceTree = "<group>"; };
		D0D3D223194E9E6D00950FC9 /* STTwitterOS.m */ = {isa = PBXFileReference; fileEncoding = 4; lastKnownFileType = sourcecode.c.objc; path = STTwitterOS.m; sourceTree = "<group>"; };
		D0D3D224194E9E6D00950FC9 /* STTwitterOSRequest.h */ = {isa = PBXFileReference; fileEncoding = 4; lastKnownFileType = sourcecode.c.h; path = STTwitterOSRequest.h; sourceTree = "<group>"; };
		D0D3D225194E9E6D00950FC9 /* STTwitterOSRequest.m */ = {isa = PBXFileReference; fileEncoding = 4; lastKnownFileType = sourcecode.c.objc; path = STTwitterOSRequest.m; sourceTree = "<group>"; };
		D0D3D226194E9E6D00950FC9 /* STTwitterProtocol.h */ = {isa = PBXFileReference; fileEncoding = 4; lastKnownFileType = sourcecode.c.h; path = STTwitterProtocol.h; sourceTree = "<group>"; };
		D0D3D228194E9E6D00950FC9 /* BAVPlistNode.h */ = {isa = PBXFileReference; fileEncoding = 4; lastKnownFileType = sourcecode.c.h; path = BAVPlistNode.h; sourceTree = "<group>"; };
		D0D3D229194E9E6D00950FC9 /* BAVPlistNode.m */ = {isa = PBXFileReference; fileEncoding = 4; lastKnownFileType = sourcecode.c.objc; path = BAVPlistNode.m; sourceTree = "<group>"; };
		D0D3D22A194E9E6D00950FC9 /* JSONSyntaxHighlight.h */ = {isa = PBXFileReference; fileEncoding = 4; lastKnownFileType = sourcecode.c.h; path = JSONSyntaxHighlight.h; sourceTree = "<group>"; };
		D0D3D22B194E9E6D00950FC9 /* JSONSyntaxHighlight.m */ = {isa = PBXFileReference; fileEncoding = 4; lastKnownFileType = sourcecode.c.objc; path = JSONSyntaxHighlight.m; sourceTree = "<group>"; };
		D0D3D22C194E9E6D00950FC9 /* STHTTPRequest.h */ = {isa = PBXFileReference; fileEncoding = 4; lastKnownFileType = sourcecode.c.h; path = STHTTPRequest.h; sourceTree = "<group>"; };
		D0D3D22D194E9E6D00950FC9 /* STHTTPRequest.m */ = {isa = PBXFileReference; fileEncoding = 4; lastKnownFileType = sourcecode.c.objc; path = STHTTPRequest.m; sourceTree = "<group>"; };
/* End PBXFileReference section */

/* Begin PBXFrameworksBuildPhase section */
		D06DB96D1933B4BB00DCF445 /* Frameworks */ = {
			isa = PBXFrameworksBuildPhase;
			buildActionMask = 2147483647;
			files = (
				D0D3D1E4194E6BF600950FC9 /* Accounts.framework in Frameworks */,
				D0D3D1E2194E6BE100950FC9 /* Twitter.framework in Frameworks */,
				D0D3D1E0194E6BD500950FC9 /* Social.framework in Frameworks */,
				D0D3D1DE194E6BC900950FC9 /* CoreLocation.framework in Frameworks */,
				D06DB9761933B4BB00DCF445 /* CoreGraphics.framework in Frameworks */,
				D06DB9781933B4BB00DCF445 /* UIKit.framework in Frameworks */,
				D0197B4919462CE500A140C4 /* Crashlytics.framework in Frameworks */,
				D06DB9741933B4BB00DCF445 /* Foundation.framework in Frameworks */,
			);
			runOnlyForDeploymentPostprocessing = 0;
		};
		D06DB9881933B4BB00DCF445 /* Frameworks */ = {
			isa = PBXFrameworksBuildPhase;
			buildActionMask = 2147483647;
			files = (
				D06DB98D1933B4BB00DCF445 /* XCTest.framework in Frameworks */,
				D06DB98F1933B4BB00DCF445 /* UIKit.framework in Frameworks */,
				D06DB98E1933B4BB00DCF445 /* Foundation.framework in Frameworks */,
			);
			runOnlyForDeploymentPostprocessing = 0;
		};
/* End PBXFrameworksBuildPhase section */

/* Begin PBXGroup section */
		D064D2F11950F6DA00CF379F /* random */ = {
			isa = PBXGroup;
			children = (
				D010E3A019528AF200BDF718 /* magicalbells.mp3 */,
				D098807A194AB46E005A886D /* ACAvolumeSlider.h */,
				D098807B194AB46E005A886D /* ACAvolumeSlider.m */,
				D098800E19496248005A886D /* song.mp3 */,
				D0988072194AA13F005A886D /* xylophone_tone.mp3 */,
				D0988076194AA31E005A886D /* bells.mp3 */,
				D0988078194AA353005A886D /* cutebells.mp3 */,
				D0988074194AA303005A886D /* kbwhistle.mp3 */,
				D06DB9CA1937C57900DCF445 /* ACAalarmData.h */,
				D06DB9CB1937C57900DCF445 /* ACAalarmData.m */,
				D06DB9AD1934FB5500DCF445 /* ACAbgLayer.h */,
				D06DB9AE1934FB5500DCF445 /* ACAbgLayer.m */,
			);
			name = random;
			sourceTree = "<group>";
		};
		D06DB9671933B4BB00DCF445 = {
			isa = PBXGroup;
			children = (
				D064D2F11950F6DA00CF379F /* random */,
				D06DBA141938FA0E00DCF445 /* cell related */,
				D06DB9C31936448100DCF445 /* buttons */,
				D06DB9B619355DC900DCF445 /* Labels */,
				D06DB9A31933B5FF00DCF445 /* Views */,
				D06DB9A21933B5F200DCF445 /* Controllers */,
				D06DB9791933B4BB00DCF445 /* alarmClock */,
				D06DB9921933B4BB00DCF445 /* alarmClockTests */,
				D06DB9721933B4BB00DCF445 /* Frameworks */,
				D06DB9711933B4BB00DCF445 /* Products */,
			);
			sourceTree = "<group>";
		};
		D06DB9711933B4BB00DCF445 /* Products */ = {
			isa = PBXGroup;
			children = (
				D06DB9701933B4BB00DCF445 /* Tweet Alarm.app */,
				D06DB98B1933B4BB00DCF445 /* Tweet AlarmTests.xctest */,
			);
			name = Products;
			sourceTree = "<group>";
		};
		D06DB9721933B4BB00DCF445 /* Frameworks */ = {
			isa = PBXGroup;
			children = (
				D0D3D210194E9E6D00950FC9 /* STTwitter */,
				D0D3D1E3194E6BF600950FC9 /* Accounts.framework */,
				D0D3D1E1194E6BE100950FC9 /* Twitter.framework */,
				D0D3D1DF194E6BD500950FC9 /* Social.framework */,
				D0D3D1DD194E6BC900950FC9 /* CoreLocation.framework */,
				D0197B4819462CE500A140C4 /* Crashlytics.framework */,
				D06DB9731933B4BB00DCF445 /* Foundation.framework */,
				D06DB9751933B4BB00DCF445 /* CoreGraphics.framework */,
				D06DB9771933B4BB00DCF445 /* UIKit.framework */,
				D06DB98C1933B4BB00DCF445 /* XCTest.framework */,
			);
			name = Frameworks;
			sourceTree = "<group>";
		};
		D06DB9791933B4BB00DCF445 /* alarmClock */ = {
			isa = PBXGroup;
			children = (
				D06DB9821933B4BB00DCF445 /* ACAAppDelegate.h */,
				D06DB9831933B4BB00DCF445 /* ACAAppDelegate.m */,
				D06DB9851933B4BB00DCF445 /* Images.xcassets */,
				D06DB97A1933B4BB00DCF445 /* Supporting Files */,
			);
			path = alarmClock;
			sourceTree = "<group>";
		};
		D06DB97A1933B4BB00DCF445 /* Supporting Files */ = {
			isa = PBXGroup;
			children = (
				D06DB97B1933B4BB00DCF445 /* Tweet Alarm-Info.plist */,
				D06DB97C1933B4BB00DCF445 /* InfoPlist.strings */,
				D06DB97F1933B4BB00DCF445 /* main.m */,
				D06DB9811933B4BB00DCF445 /* Tweet Alarm-Prefix.pch */,
			);
			name = "Supporting Files";
			sourceTree = "<group>";
		};
		D06DB9921933B4BB00DCF445 /* alarmClockTests */ = {
			isa = PBXGroup;
			children = (
				D06DB9981933B4BB00DCF445 /* alarmClockTests.m */,
				D06DB9931933B4BB00DCF445 /* Supporting Files */,
			);
			path = alarmClockTests;
			sourceTree = "<group>";
		};
		D06DB9931933B4BB00DCF445 /* Supporting Files */ = {
			isa = PBXGroup;
			children = (
				D06DB9941933B4BB00DCF445 /* Tweet AlarmTests-Info.plist */,
				D06DB9951933B4BB00DCF445 /* InfoPlist.strings */,
			);
			name = "Supporting Files";
			sourceTree = "<group>";
		};
		D06DB9A21933B5F200DCF445 /* Controllers */ = {
			isa = PBXGroup;
			children = (
				D02FA47D193CE0B000A05AA4 /* ACATweetVC.h */,
				D02FA47E193CE0B000A05AA4 /* ACATweetVC.m */,
				D06DB9A41933B63A00DCF445 /* ACAViewController.h */,
				D06DB9A51933B63A00DCF445 /* ACAViewController.m */,
				D06DB9C419375E7F00DCF445 /* ACAalarmsTVC.h */,
				D06DB9C519375E7F00DCF445 /* ACAalarmsTVC.m */,
			);
			name = Controllers;
			sourceTree = "<group>";
		};
		D06DB9A31933B5FF00DCF445 /* Views */ = {
			isa = PBXGroup;
			children = (
				D06DB9BD193588E100DCF445 /* ACAalarmSwipe.h */,
				D06DB9BE193588E100DCF445 /* ACAalarmSwipe.m */,
			);
			name = Views;
			sourceTree = "<group>";
		};
		D06DB9B619355DC900DCF445 /* Labels */ = {
			isa = PBXGroup;
			children = (
				D06DB9A71934B70A00DCF445 /* ACAalarmLabel.h */,
				D06DB9A81934B70A00DCF445 /* ACAalarmLabel.m */,
				D06DB9B319355DBA00DCF445 /* ACAamPM.h */,
				D06DB9B419355DBA00DCF445 /* ACAamPM.m */,
				D06DB9B71935652600DCF445 /* ACAtimeButton.h */,
				D06DB9B81935652600DCF445 /* ACAtimeButton.m */,
			);
			name = Labels;
			sourceTree = "<group>";
		};
		D06DB9C31936448100DCF445 /* buttons */ = {
			isa = PBXGroup;
			children = (
				D064D2F51951C77100CF379F /* ACAoptionsButton.h */,
				D064D2F61951C77100CF379F /* ACAoptionsButton.m */,
				D06DB9C01936447600DCF445 /* ACAmainButtons.h */,
				D06DB9C11936447600DCF445 /* ACAmainButtons.m */,
			);
			name = buttons;
			sourceTree = "<group>";
		};
		D06DBA141938FA0E00DCF445 /* cell related */ = {
			isa = PBXGroup;
			children = (
				D06DB9C71937B81E00DCF445 /* ACATVCell.h */,
				D06DB9C81937B81E00DCF445 /* ACATVCell.m */,
			);
			name = "cell related";
			sourceTree = "<group>";
		};
		D0D3D210194E9E6D00950FC9 /* STTwitter */ = {
			isa = PBXGroup;
			children = (
				D0D3D211194E9E6D00950FC9 /* NSDateFormatter+STTwitter.h */,
				D0D3D212194E9E6D00950FC9 /* NSDateFormatter+STTwitter.m */,
				D0D3D213194E9E6D00950FC9 /* NSError+STTwitter.h */,
				D0D3D214194E9E6D00950FC9 /* NSError+STTwitter.m */,
				D0D3D215194E9E6D00950FC9 /* NSString+STTwitter.h */,
				D0D3D216194E9E6D00950FC9 /* NSString+STTwitter.m */,
				D0D3D217194E9E6D00950FC9 /* STHTTPRequest+STTwitter.h */,
				D0D3D218194E9E6D00950FC9 /* STHTTPRequest+STTwitter.m */,
				D0D3D219194E9E6D00950FC9 /* STTwitter.h */,
				D0D3D21A194E9E6D00950FC9 /* STTwitterAPI.h */,
				D0D3D21B194E9E6D00950FC9 /* STTwitterAPI.m */,
				D0D3D21C194E9E6D00950FC9 /* STTwitterAppOnly.h */,
				D0D3D21D194E9E6D00950FC9 /* STTwitterAppOnly.m */,
				D0D3D21E194E9E6D00950FC9 /* STTwitterHTML.h */,
				D0D3D21F194E9E6D00950FC9 /* STTwitterHTML.m */,
				D0D3D220194E9E6D00950FC9 /* STTwitterOAuth.h */,
				D0D3D221194E9E6D00950FC9 /* STTwitterOAuth.m */,
				D0D3D222194E9E6D00950FC9 /* STTwitterOS.h */,
				D0D3D223194E9E6D00950FC9 /* STTwitterOS.m */,
				D0D3D224194E9E6D00950FC9 /* STTwitterOSRequest.h */,
				D0D3D225194E9E6D00950FC9 /* STTwitterOSRequest.m */,
				D0D3D226194E9E6D00950FC9 /* STTwitterProtocol.h */,
				D0D3D227194E9E6D00950FC9 /* Vendor */,
			);
			path = STTwitter;
			sourceTree = "<group>";
		};
		D0D3D227194E9E6D00950FC9 /* Vendor */ = {
			isa = PBXGroup;
			children = (
				D0D3D228194E9E6D00950FC9 /* BAVPlistNode.h */,
				D0D3D229194E9E6D00950FC9 /* BAVPlistNode.m */,
				D0D3D22A194E9E6D00950FC9 /* JSONSyntaxHighlight.h */,
				D0D3D22B194E9E6D00950FC9 /* JSONSyntaxHighlight.m */,
				D0D3D22C194E9E6D00950FC9 /* STHTTPRequest.h */,
				D0D3D22D194E9E6D00950FC9 /* STHTTPRequest.m */,
			);
			path = Vendor;
			sourceTree = "<group>";
		};
/* End PBXGroup section */

/* Begin PBXNativeTarget section */
		D06DB96F1933B4BB00DCF445 /* Tweet Alarm */ = {
			isa = PBXNativeTarget;
			buildConfigurationList = D06DB99C1933B4BB00DCF445 /* Build configuration list for PBXNativeTarget "Tweet Alarm" */;
			buildPhases = (
				D06DB96C1933B4BB00DCF445 /* Sources */,
				D06DB96D1933B4BB00DCF445 /* Frameworks */,
				D06DB96E1933B4BB00DCF445 /* Resources */,
				D0197B4719462CB100A140C4 /* ShellScript */,
			);
			buildRules = (
			);
			dependencies = (
			);
			name = "Tweet Alarm";
			productName = alarmClock;
			productReference = D06DB9701933B4BB00DCF445 /* Tweet Alarm.app */;
			productType = "com.apple.product-type.application";
		};
		D06DB98A1933B4BB00DCF445 /* Tweet AlarmTests */ = {
			isa = PBXNativeTarget;
			buildConfigurationList = D06DB99F1933B4BB00DCF445 /* Build configuration list for PBXNativeTarget "Tweet AlarmTests" */;
			buildPhases = (
				D06DB9871933B4BB00DCF445 /* Sources */,
				D06DB9881933B4BB00DCF445 /* Frameworks */,
				D06DB9891933B4BB00DCF445 /* Resources */,
			);
			buildRules = (
			);
			dependencies = (
				D06DB9911933B4BB00DCF445 /* PBXTargetDependency */,
			);
			name = "Tweet AlarmTests";
			productName = alarmClockTests;
			productReference = D06DB98B1933B4BB00DCF445 /* Tweet AlarmTests.xctest */;
			productType = "com.apple.product-type.bundle.unit-test";
		};
/* End PBXNativeTarget section */

/* Begin PBXProject section */
		D06DB9681933B4BB00DCF445 /* Project object */ = {
			isa = PBXProject;
			attributes = {
				CLASSPREFIX = ACA;
				LastUpgradeCheck = 0510;
				ORGANIZATIONNAME = "John Yam";
				TargetAttributes = {
					D06DB96F1933B4BB00DCF445 = {
						DevelopmentTeam = GXGPQE8SGC;
					};
					D06DB98A1933B4BB00DCF445 = {
						TestTargetID = D06DB96F1933B4BB00DCF445;
					};
				};
			};
			buildConfigurationList = D06DB96B1933B4BB00DCF445 /* Build configuration list for PBXProject "Tweet Alarm" */;
			compatibilityVersion = "Xcode 3.2";
			developmentRegion = English;
			hasScannedForEncodings = 0;
			knownRegions = (
				en,
			);
			mainGroup = D06DB9671933B4BB00DCF445;
			productRefGroup = D06DB9711933B4BB00DCF445 /* Products */;
			projectDirPath = "";
			projectRoot = "";
			targets = (
				D06DB96F1933B4BB00DCF445 /* Tweet Alarm */,
				D06DB98A1933B4BB00DCF445 /* Tweet AlarmTests */,
			);
		};
/* End PBXProject section */

/* Begin PBXResourcesBuildPhase section */
		D06DB96E1933B4BB00DCF445 /* Resources */ = {
			isa = PBXResourcesBuildPhase;
			buildActionMask = 2147483647;
			files = (
				D06DB97E1933B4BB00DCF445 /* InfoPlist.strings in Resources */,
				D06DB9861933B4BB00DCF445 /* Images.xcassets in Resources */,
				D098800F19496248005A886D /* song.mp3 in Resources */,
				D0988077194AA31E005A886D /* bells.mp3 in Resources */,
				D0988073194AA13F005A886D /* xylophone_tone.mp3 in Resources */,
				D0988075194AA303005A886D /* kbwhistle.mp3 in Resources */,
				D010E3A119528AF200BDF718 /* magicalbells.mp3 in Resources */,
				D0988079194AA353005A886D /* cutebells.mp3 in Resources */,
			);
			runOnlyForDeploymentPostprocessing = 0;
		};
		D06DB9891933B4BB00DCF445 /* Resources */ = {
			isa = PBXResourcesBuildPhase;
			buildActionMask = 2147483647;
			files = (
				D06DB9971933B4BB00DCF445 /* InfoPlist.strings in Resources */,
			);
			runOnlyForDeploymentPostprocessing = 0;
		};
/* End PBXResourcesBuildPhase section */

/* Begin PBXShellScriptBuildPhase section */
		D0197B4719462CB100A140C4 /* ShellScript */ = {
			isa = PBXShellScriptBuildPhase;
			buildActionMask = 12;
			files = (
			);
			inputPaths = (
			);
			outputPaths = (
			);
			runOnlyForDeploymentPostprocessing = 0;
			shellPath = "./Crashlytics.framework/run de2e55b9cfbb6d5fef305b952886de5d7f96f7cd afc502ce1778d61b4c65c1e4facd6b99ec2c34fd80b5f867c69d058d48b2d8e9";
			shellScript = "./Crashlytics.framework/run a26d0a2d3d3631b380d39fead4eadf0728fb51e9 50dae8c2478540a513f641a395695231a0cbfd44576e7da942b567b4ee4b497f";
		};
/* End PBXShellScriptBuildPhase section */

/* Begin PBXSourcesBuildPhase section */
		D06DB96C1933B4BB00DCF445 /* Sources */ = {
			isa = PBXSourcesBuildPhase;
			buildActionMask = 2147483647;
			files = (
				D0D3D230194E9E6D00950FC9 /* NSString+STTwitter.m in Sources */,
				D0D3D238194E9E6D00950FC9 /* BAVPlistNode.m in Sources */,
				D06DB9A91934B70A00DCF445 /* ACAalarmLabel.m in Sources */,
				D06DB9841933B4BB00DCF445 /* ACAAppDelegate.m in Sources */,
				D0D3D232194E9E6D00950FC9 /* STTwitterAPI.m in Sources */,
				D0D3D237194E9E6D00950FC9 /* STTwitterOSRequest.m in Sources */,
				D06DB9BF193588E100DCF445 /* ACAalarmSwipe.m in Sources */,
				D06DB9B91935652600DCF445 /* ACAtimeButton.m in Sources */,
				D0D3D231194E9E6D00950FC9 /* STHTTPRequest+STTwitter.m in Sources */,
				D06DB9C91937B81E00DCF445 /* ACATVCell.m in Sources */,
				D06DB9CC1937C57900DCF445 /* ACAalarmData.m in Sources */,
				D0D3D234194E9E6D00950FC9 /* STTwitterHTML.m in Sources */,
				D0D3D23A194E9E6D00950FC9 /* STHTTPRequest.m in Sources */,
				D098807C194AB46E005A886D /* ACAvolumeSlider.m in Sources */,
				D06DB9C21936447600DCF445 /* ACAmainButtons.m in Sources */,
				D0D3D22E194E9E6D00950FC9 /* NSDateFormatter+STTwitter.m in Sources */,
				D06DB9801933B4BB00DCF445 /* main.m in Sources */,
				D06DB9A61933B63A00DCF445 /* ACAViewController.m in Sources */,
				D0D3D236194E9E6D00950FC9 /* STTwitterOS.m in Sources */,
				D0D3D233194E9E6D00950FC9 /* STTwitterAppOnly.m in Sources */,
				D06DB9C619375E7F00DCF445 /* ACAalarmsTVC.m in Sources */,
				D06DB9AF1934FB5500DCF445 /* ACAbgLayer.m in Sources */,
				D064D2F71951C77100CF379F /* ACAoptionsButton.m in Sources */,
				D02FA47F193CE0B000A05AA4 /* ACATweetVC.m in Sources */,
				D0D3D22F194E9E6D00950FC9 /* NSError+STTwitter.m in Sources */,
				D0D3D235194E9E6D00950FC9 /* STTwitterOAuth.m in Sources */,
				D06DB9B519355DBA00DCF445 /* ACAamPM.m in Sources */,
				D0D3D239194E9E6D00950FC9 /* JSONSyntaxHighlight.m in Sources */,
			);
			runOnlyForDeploymentPostprocessing = 0;
		};
		D06DB9871933B4BB00DCF445 /* Sources */ = {
			isa = PBXSourcesBuildPhase;
			buildActionMask = 2147483647;
			files = (
				D06DB9991933B4BB00DCF445 /* alarmClockTests.m in Sources */,
			);
			runOnlyForDeploymentPostprocessing = 0;
		};
/* End PBXSourcesBuildPhase section */

/* Begin PBXTargetDependency section */
		D06DB9911933B4BB00DCF445 /* PBXTargetDependency */ = {
			isa = PBXTargetDependency;
			target = D06DB96F1933B4BB00DCF445 /* Tweet Alarm */;
			targetProxy = D06DB9901933B4BB00DCF445 /* PBXContainerItemProxy */;
		};
/* End PBXTargetDependency section */

/* Begin PBXVariantGroup section */
		D06DB97C1933B4BB00DCF445 /* InfoPlist.strings */ = {
			isa = PBXVariantGroup;
			children = (
				D06DB97D1933B4BB00DCF445 /* en */,
			);
			name = InfoPlist.strings;
			sourceTree = "<group>";
		};
		D06DB9951933B4BB00DCF445 /* InfoPlist.strings */ = {
			isa = PBXVariantGroup;
			children = (
				D06DB9961933B4BB00DCF445 /* en */,
			);
			name = InfoPlist.strings;
			sourceTree = "<group>";
		};
/* End PBXVariantGroup section */

/* Begin XCBuildConfiguration section */
		D06DB99A1933B4BB00DCF445 /* Debug */ = {
			isa = XCBuildConfiguration;
			buildSettings = {
				ALWAYS_SEARCH_USER_PATHS = NO;
				CLANG_CXX_LANGUAGE_STANDARD = "gnu++0x";
				CLANG_CXX_LIBRARY = "libc++";
				CLANG_ENABLE_MODULES = YES;
				CLANG_ENABLE_OBJC_ARC = YES;
				CLANG_WARN_BOOL_CONVERSION = YES;
				CLANG_WARN_CONSTANT_CONVERSION = YES;
				CLANG_WARN_DIRECT_OBJC_ISA_USAGE = YES_ERROR;
				CLANG_WARN_EMPTY_BODY = YES;
				CLANG_WARN_ENUM_CONVERSION = YES;
				CLANG_WARN_INT_CONVERSION = YES;
				CLANG_WARN_OBJC_ROOT_CLASS = YES_ERROR;
				CLANG_WARN__DUPLICATE_METHOD_MATCH = YES;
				"CODE_SIGN_IDENTITY[sdk=iphoneos*]" = "iPhone Developer";
				COPY_PHASE_STRIP = NO;
				GCC_C_LANGUAGE_STANDARD = gnu99;
				GCC_DYNAMIC_NO_PIC = NO;
				GCC_OPTIMIZATION_LEVEL = 0;
				GCC_PREPROCESSOR_DEFINITIONS = (
					"DEBUG=1",
					"$(inherited)",
				);
				GCC_SYMBOLS_PRIVATE_EXTERN = NO;
				GCC_WARN_64_TO_32_BIT_CONVERSION = YES;
				GCC_WARN_ABOUT_RETURN_TYPE = YES_ERROR;
				GCC_WARN_UNDECLARED_SELECTOR = YES;
				GCC_WARN_UNINITIALIZED_AUTOS = YES_AGGRESSIVE;
				GCC_WARN_UNUSED_FUNCTION = YES;
				GCC_WARN_UNUSED_VARIABLE = YES;
				IPHONEOS_DEPLOYMENT_TARGET = 7.1;
				ONLY_ACTIVE_ARCH = YES;
				SDKROOT = iphoneos;
			};
			name = Debug;
		};
		D06DB99B1933B4BB00DCF445 /* Release */ = {
			isa = XCBuildConfiguration;
			buildSettings = {
				ALWAYS_SEARCH_USER_PATHS = NO;
				CLANG_CXX_LANGUAGE_STANDARD = "gnu++0x";
				CLANG_CXX_LIBRARY = "libc++";
				CLANG_ENABLE_MODULES = YES;
				CLANG_ENABLE_OBJC_ARC = YES;
				CLANG_WARN_BOOL_CONVERSION = YES;
				CLANG_WARN_CONSTANT_CONVERSION = YES;
				CLANG_WARN_DIRECT_OBJC_ISA_USAGE = YES_ERROR;
				CLANG_WARN_EMPTY_BODY = YES;
				CLANG_WARN_ENUM_CONVERSION = YES;
				CLANG_WARN_INT_CONVERSION = YES;
				CLANG_WARN_OBJC_ROOT_CLASS = YES_ERROR;
				CLANG_WARN__DUPLICATE_METHOD_MATCH = YES;
				"CODE_SIGN_IDENTITY[sdk=iphoneos*]" = "iPhone Developer";
				COPY_PHASE_STRIP = YES;
				ENABLE_NS_ASSERTIONS = NO;
				GCC_C_LANGUAGE_STANDARD = gnu99;
				GCC_WARN_64_TO_32_BIT_CONVERSION = YES;
				GCC_WARN_ABOUT_RETURN_TYPE = YES_ERROR;
				GCC_WARN_UNDECLARED_SELECTOR = YES;
				GCC_WARN_UNINITIALIZED_AUTOS = YES_AGGRESSIVE;
				GCC_WARN_UNUSED_FUNCTION = YES;
				GCC_WARN_UNUSED_VARIABLE = YES;
				IPHONEOS_DEPLOYMENT_TARGET = 7.1;
				SDKROOT = iphoneos;
				VALIDATE_PRODUCT = YES;
			};
			name = Release;
		};
		D06DB99D1933B4BB00DCF445 /* Debug */ = {
			isa = XCBuildConfiguration;
			buildSettings = {
				ASSETCATALOG_COMPILER_APPICON_NAME = AppIcon;
				ASSETCATALOG_COMPILER_LAUNCHIMAGE_NAME = LaunchImage;
				CODE_SIGN_IDENTITY = "iPhone Developer";
				"CODE_SIGN_IDENTITY[sdk=iphoneos*]" = "iPhone Developer";
				FRAMEWORK_SEARCH_PATHS = (
					"$(inherited)",
					"$(PROJECT_DIR)",
				);
				GCC_PRECOMPILE_PREFIX_HEADER = YES;
				GCC_PREFIX_HEADER = "alarmClock/Tweet Alarm-Prefix.pch";
				INFOPLIST_FILE = "alarmClock/Tweet Alarm-Info.plist";
				IPHONEOS_DEPLOYMENT_TARGET = 7.1;
				PRODUCT_NAME = "Tweet Alarm";
				PROVISIONING_PROFILE = "";
				WRAPPER_EXTENSION = app;
			};
			name = Debug;
		};
		D06DB99E1933B4BB00DCF445 /* Release */ = {
			isa = XCBuildConfiguration;
			buildSettings = {
				ASSETCATALOG_COMPILER_APPICON_NAME = AppIcon;
				ASSETCATALOG_COMPILER_LAUNCHIMAGE_NAME = LaunchImage;
				CODE_SIGN_IDENTITY = "iPhone Developer";
				"CODE_SIGN_IDENTITY[sdk=iphoneos*]" = "iPhone Developer";
				FRAMEWORK_SEARCH_PATHS = (
					"$(inherited)",
					"$(PROJECT_DIR)",
				);
				GCC_PRECOMPILE_PREFIX_HEADER = YES;
				GCC_PREFIX_HEADER = "alarmClock/Tweet Alarm-Prefix.pch";
				INFOPLIST_FILE = "alarmClock/Tweet Alarm-Info.plist";
				IPHONEOS_DEPLOYMENT_TARGET = 7.1;
				PRODUCT_NAME = "Tweet Alarm";
				PROVISIONING_PROFILE = "";
				WRAPPER_EXTENSION = app;
			};
			name = Release;
		};
		D06DB9A01933B4BB00DCF445 /* Debug */ = {
			isa = XCBuildConfiguration;
			buildSettings = {
				BUNDLE_LOADER = "$(BUILT_PRODUCTS_DIR)/alarmClock.app/alarmClock";
				FRAMEWORK_SEARCH_PATHS = (
					"$(SDKROOT)/Developer/Library/Frameworks",
					"$(inherited)",
					"$(DEVELOPER_FRAMEWORKS_DIR)",
				);
				GCC_PRECOMPILE_PREFIX_HEADER = YES;
				GCC_PREFIX_HEADER = "alarmClock/alarmClock-Prefix.pch";
				GCC_PREPROCESSOR_DEFINITIONS = (
					"DEBUG=1",
					"$(inherited)",
				);
				INFOPLIST_FILE = "alarmClockTests/Tweet AlarmTests-Info.plist";
				PRODUCT_NAME = "Tweet AlarmTests";
				TEST_HOST = "$(BUNDLE_LOADER)";
				WRAPPER_EXTENSION = xctest;
			};
			name = Debug;
		};
		D06DB9A11933B4BB00DCF445 /* Release */ = {
			isa = XCBuildConfiguration;
			buildSettings = {
				BUNDLE_LOADER = "$(BUILT_PRODUCTS_DIR)/alarmClock.app/alarmClock";
				FRAMEWORK_SEARCH_PATHS = (
					"$(SDKROOT)/Developer/Library/Frameworks",
					"$(inherited)",
					"$(DEVELOPER_FRAMEWORKS_DIR)",
				);
				GCC_PRECOMPILE_PREFIX_HEADER = YES;
				GCC_PREFIX_HEADER = "alarmClock/alarmClock-Prefix.pch";
				INFOPLIST_FILE = "alarmClockTests/Tweet AlarmTests-Info.plist";
				PRODUCT_NAME = "Tweet AlarmTests";
				TEST_HOST = "$(BUNDLE_LOADER)";
				WRAPPER_EXTENSION = xctest;
			};
			name = Release;
		};
/* End XCBuildConfiguration section */

/* Begin XCConfigurationList section */
		D06DB96B1933B4BB00DCF445 /* Build configuration list for PBXProject "Tweet Alarm" */ = {
			isa = XCConfigurationList;
			buildConfigurations = (
				D06DB99A1933B4BB00DCF445 /* Debug */,
				D06DB99B1933B4BB00DCF445 /* Release */,
			);
			defaultConfigurationIsVisible = 0;
			defaultConfigurationName = Release;
		};
		D06DB99C1933B4BB00DCF445 /* Build configuration list for PBXNativeTarget "Tweet Alarm" */ = {
			isa = XCConfigurationList;
			buildConfigurations = (
				D06DB99D1933B4BB00DCF445 /* Debug */,
				D06DB99E1933B4BB00DCF445 /* Release */,
			);
			defaultConfigurationIsVisible = 0;
			defaultConfigurationName = Release;
		};
		D06DB99F1933B4BB00DCF445 /* Build configuration list for PBXNativeTarget "Tweet AlarmTests" */ = {
			isa = XCConfigurationList;
			buildConfigurations = (
				D06DB9A01933B4BB00DCF445 /* Debug */,
				D06DB9A11933B4BB00DCF445 /* Release */,
			);
			defaultConfigurationIsVisible = 0;
			defaultConfigurationName = Release;
		};
/* End XCConfigurationList section */
	};
	rootObject = D06DB9681933B4BB00DCF445 /* Project object */;
}
